<?xml version="1.0" encoding="utf-8"?>
<Project ToolsVersion="4.0" xmlns="http://schemas.microsoft.com/developer/msbuild/2003">
  <ItemGroup>
    <ClCompile Include="main.cpp" />
    <ClCompile Include="..\..\src\framework\Framework.cpp">
      <Filter>migui</Filter>
    </ClCompile>
    <ClCompile Include="..\..\src\framework\BackendGDI.cpp">
      <Filter>migui</Filter>
    </ClCompile>
    <ClCompile Include="..\..\src\framework\Context.cpp">
      <Filter>migui</Filter>
    </ClCompile>
    <ClCompile Include="..\..\src\miGUILoader.c">
      <Filter>migui</Filter>
    </ClCompile>
    <ClCompile Include="..\..\src\framework\FontImpl.cpp">
      <Filter>migui</Filter>
    </ClCompile>
    <ClCompile Include="..\..\src\framework\Window.cpp">
      <Filter>migui</Filter>
    </ClCompile>
    <ClCompile Include="..\..\src\framework\Rectangle.cpp">
      <Filter>migui</Filter>
    </ClCompile>
    <ClCompile Include="..\..\src\framework\Element.cpp">
      <Filter>migui</Filter>
    </ClCompile>
    <ClCompile Include="..\..\src\framework\Text.cpp">
      <Filter>migui</Filter>
    </ClCompile>
    <ClCompile Include="..\..\src\framework\Button.cpp">
      <Filter>migui</Filter>
    </ClCompile>
    <ClCompile Include="..\..\src\framework\Icons.cpp">
      <Filter>migui</Filter>
    </ClCompile>
    <ClCompile Include="..\..\src\framework\Image.cpp">
      <Filter>migui</Filter>
    </ClCompile>
    <ClCompile Include="..\..\src\framework\Image_bmp.cpp">
      <Filter>migui</Filter>
    </ClCompile>
    <ClCompile Include="..\..\src\framework\Image_png.cpp">
      <Filter>migui</Filter>
    </ClCompile>
    <ClCompile Include="..\..\src\framework\lodepng.cpp">
      <Filter>migui</Filter>
    </ClCompile>
    <ClCompile Include="..\..\src\framework\TextInput.cpp">
      <Filter>migui</Filter>
    </ClCompile>
    <ClCompile Include="..\..\src\framework\ListBox.cpp">
      <Filter>migui</Filter>
    </ClCompile>
    <ClCompile Include="playlist.cpp" />
    <ClCompile Include="..\..\src\framework\Table.cpp">
      <Filter>migui</Filter>
    </ClCompile>
    <ClCompile Include="..\..\src\framework\TextBuffer.cpp">
      <Filter>migui</Filter>
    </ClCompile>
    <ClCompile Include="..\..\src\framework\BackendOpenGL.cpp">
      <Filter>migui</Filter>
    </ClCompile>
    <ClCompile Include="..\..\src\framework\Popup.cpp">
      <Filter>migui</Filter>
    </ClCompile>
    <ClCompile Include="..\..\src\framework\AudioEngine.cpp">
      <Filter>migui</Filter>
    </ClCompile>
    <ClCompile Include="..\..\src\framework\SystemWindow.cpp">
      <Filter>migui</Filter>
    </ClCompile>
    <ClCompile Include="..\..\src\framework\Filesystem.cpp">
      <Filter>migui</Filter>
    </ClCompile>
    <ClCompile Include="..\..\src\framework\Archive.cpp">
      <Filter>migui</Filter>
    </ClCompile>
    <ClCompile Include="..\..\src\framework\fastlz.c">
      <Filter>migui</Filter>
    </ClCompile>
    <ClCompile Include="..\..\src\framework\Log.cpp">
      <Filter>migui</Filter>
    </ClCompile>
    <ClCompile Include="..\..\src\framework\FileBuffer.cpp">
      <Filter>migui</Filter>
    </ClCompile>
    <ClCompile Include="..\..\src\framework\Color.cpp">
      <Filter>migui</Filter>
    </ClCompile>
    <ClCompile Include="ap.cpp" />
    <ClCompile Include="..\..\src\framework\DND.cpp">
      <Filter>migui</Filter>
    </ClCompile>
  </ItemGroup>
  <ItemGroup>
    <Filter Include="migui">
      <UniqueIdentifier>{186dde6e-fb4b-475a-901c-222f882dba05}</UniqueIdentifier>
    </Filter>
  </ItemGroup>
  <ItemGroup>
    <ClInclude Include="..\..\src\framework\BackendGDI.h">
      <Filter>migui</Filter>
    </ClInclude>
    <ClInclude Include="..\..\src\framework\FontImpl.h">
      <Filter>migui</Filter>
    </ClInclude>
    <ClInclude Include="..\..\src\framework\TextInput.h">
      <Filter>migui</Filter>
    </ClInclude>
    <ClInclude Include="playlist.h" />
    <ClInclude Include="..\..\src\framework\Table.h">
      <Filter>migui</Filter>
    </ClInclude>
    <ClInclude Include="..\..\src\framework\TextBuffer.h">
      <Filter>migui</Filter>
    </ClInclude>
    <ClInclude Include="..\..\src\framework\BackendOpenGL.h">
      <Filter>migui</Filter>
    </ClInclude>
    <ClInclude Include="..\..\src\framework\Popup.h">
      <Filter>migui</Filter>
    </ClInclude>
    <ClInclude Include="..\..\src\framework\AudioEngine.h">
      <Filter>migui</Filter>
    </ClInclude>
  </ItemGroup>
</Project>